
Microsoft Visual Studio Solution File, Format Version 12.00
# Visual Studio Version 17
VisualStudioVersion = 17.14.36429.23 d17.14
MinimumVisualStudioVersion = 10.0.40219.1
Project("{FAE04EC0-301F-11D3-BF4B-00C04F79EFBC}") = "project1", "project1\project1.csproj", "{49BB8CD7-F1EA-484E-8DAA-330E26BC3DE9}"
EndProject
Global
	GlobalSection(SolutionConfigurationPlatforms) = preSolution
		Debug|Any CPU = Debug|Any CPU
		Release|Any CPU = Release|Any CPU
	EndGlobalSection
	GlobalSection(ProjectConfigurationPlatforms) = postSolution
		{49BB8CD7-F1EA-484E-8DAA-330E26BC3DE9}.Debug|Any CPU.ActiveCfg = Debug|Any CPU
		{49BB8CD7-F1EA-484E-8DAA-330E26BC3DE9}.Debug|Any CPU.Build.0 = Debug|Any CPU
		{49BB8CD7-F1EA-484E-8DAA-330E26BC3DE9}.Release|Any CPU.ActiveCfg = Release|Any CPU
		{49BB8CD7-F1EA-484E-8DAA-330E26BC3DE9}.Release|Any CPU.Build.0 = Release|Any CPU
	EndGlobalSection
	GlobalSection(SolutionProperties) = preSolution
		HideSolutionNode = FALSE
	EndGlobalSection
	GlobalSection(ExtensibilityGlobals) = postSolution
		SolutionGuid = {02663D43-934A-45DF-A18A-498B78851D8D}
	EndGlobalSection
EndGlobal
